// !$*UTF8*$!
{
	archiveVersion = 1;
	classes = {
	};
	objectVersion = 55;
	objects = {

/* Begin PBXBuildFile section */
		B40BECE82CBDCF6C00B21B55 /* AppDelegate.swift in Sources */ = {isa = PBXBuildFile; fileRef = B40BECE72CBDCF6C00B21B55 /* AppDelegate.swift */; };
		B40BECEA2CBDCF6C00B21B55 /* SceneDelegate.swift in Sources */ = {isa = PBXBuildFile; fileRef = B40BECE92CBDCF6C00B21B55 /* SceneDelegate.swift */; };
		B40BECEC2CBDCF6C00B21B55 /* iniciarSesionViewController.swift in Sources */ = {isa = PBXBuildFile; fileRef = B40BECEB2CBDCF6C00B21B55 /* iniciarSesionViewController.swift */; };
		B40BECEF2CBDCF6C00B21B55 /* Main.storyboard in Resources */ = {isa = PBXBuildFile; fileRef = B40BECED2CBDCF6C00B21B55 /* Main.storyboard */; };
		B40BECF12CBDCF6D00B21B55 /* Assets.xcassets in Resources */ = {isa = PBXBuildFile; fileRef = B40BECF02CBDCF6D00B21B55 /* Assets.xcassets */; };
		B40BECF42CBDCF6D00B21B55 /* LaunchScreen.storyboard in Resources */ = {isa = PBXBuildFile; fileRef = B40BECF22CBDCF6D00B21B55 /* LaunchScreen.storyboard */; };
		B40BECFE2CBDD45000B21B55 /* GoogleService-Info.plist in Resources */ = {isa = PBXBuildFile; fileRef = B40BECFD2CBDD45000B21B55 /* GoogleService-Info.plist */; };
		B40BED022CBDDAE100B21B55 /* FirebaseAnalytics in Frameworks */ = {isa = PBXBuildFile; productRef = B40BED012CBDDAE100B21B55 /* FirebaseAnalytics */; };
		B40BED042CBDDAE100B21B55 /* FirebaseAnalyticsWithoutAdIdSupport in Frameworks */ = {isa = PBXBuildFile; productRef = B40BED032CBDDAE100B21B55 /* FirebaseAnalyticsWithoutAdIdSupport */; };
		B40BED062CBDDAE100B21B55 /* FirebaseAuth in Frameworks */ = {isa = PBXBuildFile; productRef = B40BED052CBDDAE100B21B55 /* FirebaseAuth */; };
		B40BED082CBDDAE100B21B55 /* FirebaseDatabase in Frameworks */ = {isa = PBXBuildFile; productRef = B40BED072CBDDAE100B21B55 /* FirebaseDatabase */; };
		B40BED0A2CBDDAE100B21B55 /* FirebaseFirestore in Frameworks */ = {isa = PBXBuildFile; productRef = B40BED092CBDDAE100B21B55 /* FirebaseFirestore */; };
		B40F7B3C2CC97F330062D03B /* ElegirUsuarioViewController.swift in Sources */ = {isa = PBXBuildFile; fileRef = B40F7B3B2CC97F330062D03B /* ElegirUsuarioViewController.swift */; };
		B40F7B402CC989D70062D03B /* Usuario.swift in Sources */ = {isa = PBXBuildFile; fileRef = B40F7B3F2CC989D70062D03B /* Usuario.swift */; };
		B42140A92CC7147B00172AE0 /* SnapsViewController.swift in Sources */ = {isa = PBXBuildFile; fileRef = B42140A82CC7147B00172AE0 /* SnapsViewController.swift */; };
		B42140AB2CC71DFF00172AE0 /* ImagenViewController.swift in Sources */ = {isa = PBXBuildFile; fileRef = B42140AA2CC71DFF00172AE0 /* ImagenViewController.swift */; };
		B457B2682CC72FB90030F4F0 /* FirebaseStorage in Frameworks */ = {isa = PBXBuildFile; productRef = B457B2672CC72FB90030F4F0 /* FirebaseStorage */; };
/* End PBXBuildFile section */

/* Begin PBXFileReference section */
		B40BECE42CBDCF6C00B21B55 /* choqueSnapchat.app */ = {isa = PBXFileReference; explicitFileType = wrapper.application; includeInIndex = 0; path = choqueSnapchat.app; sourceTree = BUILT_PRODUCTS_DIR; };
		B40BECE72CBDCF6C00B21B55 /* AppDelegate.swift */ = {isa = PBXFileReference; lastKnownFileType = sourcecode.swift; path = AppDelegate.swift; sourceTree = "<group>"; };
		B40BECE92CBDCF6C00B21B55 /* SceneDelegate.swift */ = {isa = PBXFileReference; lastKnownFileType = sourcecode.swift; path = SceneDelegate.swift; sourceTree = "<group>"; };
		B40BECEB2CBDCF6C00B21B55 /* iniciarSesionViewController.swift */ = {isa = PBXFileReference; lastKnownFileType = sourcecode.swift; path = iniciarSesionViewController.swift; sourceTree = "<group>"; };
		B40BECEE2CBDCF6C00B21B55 /* Base */ = {isa = PBXFileReference; lastKnownFileType = file.storyboard; name = Base; path = Base.lproj/Main.storyboard; sourceTree = "<group>"; };
		B40BECF02CBDCF6D00B21B55 /* Assets.xcassets */ = {isa = PBXFileReference; lastKnownFileType = folder.assetcatalog; path = Assets.xcassets; sourceTree = "<group>"; };
		B40BECF32CBDCF6D00B21B55 /* Base */ = {isa = PBXFileReference; lastKnownFileType = file.storyboard; name = Base; path = Base.lproj/LaunchScreen.storyboard; sourceTree = "<group>"; };
		B40BECF52CBDCF6D00B21B55 /* Info.plist */ = {isa = PBXFileReference; lastKnownFileType = text.plist.xml; path = Info.plist; sourceTree = "<group>"; };
		B40BECFD2CBDD45000B21B55 /* GoogleService-Info.plist */ = {isa = PBXFileReference; fileEncoding = 4; lastKnownFileType = text.plist.xml; path = "GoogleService-Info.plist"; sourceTree = "<group>"; };
		B40F7B3B2CC97F330062D03B /* ElegirUsuarioViewController.swift */ = {isa = PBXFileReference; lastKnownFileType = sourcecode.swift; path = ElegirUsuarioViewController.swift; sourceTree = "<group>"; };
		B40F7B3F2CC989D70062D03B /* Usuario.swift */ = {isa = PBXFileReference; lastKnownFileType = sourcecode.swift; path = Usuario.swift; sourceTree = "<group>"; };
		B42140A72CC711AD00172AE0 /* choqueSnapchat.entitlements */ = {isa = PBXFileReference; lastKnownFileType = text.plist.entitlements; path = choqueSnapchat.entitlements; sourceTree = "<group>"; };
		B42140A82CC7147B00172AE0 /* SnapsViewController.swift */ = {isa = PBXFileReference; lastKnownFileType = sourcecode.swift; path = SnapsViewController.swift; sourceTree = "<group>"; };
		B42140AA2CC71DFF00172AE0 /* ImagenViewController.swift */ = {isa = PBXFileReference; lastKnownFileType = sourcecode.swift; path = ImagenViewController.swift; sourceTree = "<group>"; };
/* End PBXFileReference section */

/* Begin PBXFrameworksBuildPhase section */
		B40BECE12CBDCF6C00B21B55 /* Frameworks */ = {
			isa = PBXFrameworksBuildPhase;
			buildActionMask = 2147483647;
			files = (
				B40BED022CBDDAE100B21B55 /* FirebaseAnalytics in Frameworks */,
				B40BED062CBDDAE100B21B55 /* FirebaseAuth in Frameworks */,
				B40BED082CBDDAE100B21B55 /* FirebaseDatabase in Frameworks */,
				B40BED0A2CBDDAE100B21B55 /* FirebaseFirestore in Frameworks */,
				B40BED042CBDDAE100B21B55 /* FirebaseAnalyticsWithoutAdIdSupport in Frameworks */,
				B457B2682CC72FB90030F4F0 /* FirebaseStorage in Frameworks */,
			);
			runOnlyForDeploymentPostprocessing = 0;
		};
/* End PBXFrameworksBuildPhase section */

/* Begin PBXGroup section */
		B40BECDB2CBDCF6C00B21B55 = {
			isa = PBXGroup;
			children = (
				B40BECE62CBDCF6C00B21B55 /* choqueSnapchat */,
				B40BECE52CBDCF6C00B21B55 /* Products */,
				B457B2662CC72FB90030F4F0 /* Frameworks */,
			);
			sourceTree = "<group>";
		};
		B40BECE52CBDCF6C00B21B55 /* Products */ = {
			isa = PBXGroup;
			children = (
				B40BECE42CBDCF6C00B21B55 /* choqueSnapchat.app */,
			);
			name = Products;
			sourceTree = "<group>";
		};
		B40BECE62CBDCF6C00B21B55 /* choqueSnapchat */ = {
			isa = PBXGroup;
			children = (
				B40F7B3E2CC989A80062D03B /* Modelos */,
				B40F7B3D2CC989070062D03B /* ViewControllers */,
				B42140A72CC711AD00172AE0 /* choqueSnapchat.entitlements */,
				B40BECE72CBDCF6C00B21B55 /* AppDelegate.swift */,
				B40BECE92CBDCF6C00B21B55 /* SceneDelegate.swift */,
				B40BECED2CBDCF6C00B21B55 /* Main.storyboard */,
				B40BECF02CBDCF6D00B21B55 /* Assets.xcassets */,
				B40BECF22CBDCF6D00B21B55 /* LaunchScreen.storyboard */,
				B40BECF52CBDCF6D00B21B55 /* Info.plist */,
				B40BECFD2CBDD45000B21B55 /* GoogleService-Info.plist */,
			);
			path = choqueSnapchat;
			sourceTree = "<group>";
		};
		B40F7B3D2CC989070062D03B /* ViewControllers */ = {
			isa = PBXGroup;
			children = (
				B42140AA2CC71DFF00172AE0 /* ImagenViewController.swift */,
				B42140A82CC7147B00172AE0 /* SnapsViewController.swift */,
				B40BECEB2CBDCF6C00B21B55 /* iniciarSesionViewController.swift */,
				B40F7B3B2CC97F330062D03B /* ElegirUsuarioViewController.swift */,
			);
			path = ViewControllers;
			sourceTree = "<group>";
		};
		B40F7B3E2CC989A80062D03B /* Modelos */ = {
			isa = PBXGroup;
			children = (
				B40F7B3F2CC989D70062D03B /* Usuario.swift */,
			);
			path = Modelos;
			sourceTree = "<group>";
		};
		B457B2662CC72FB90030F4F0 /* Frameworks */ = {
			isa = PBXGroup;
			children = (
			);
			name = Frameworks;
			sourceTree = "<group>";
		};
/* End PBXGroup section */

/* Begin PBXNativeTarget section */
		B40BECE32CBDCF6C00B21B55 /* choqueSnapchat */ = {
			isa = PBXNativeTarget;
			buildConfigurationList = B40BECF82CBDCF6D00B21B55 /* Build configuration list for PBXNativeTarget "choqueSnapchat" */;
			buildPhases = (
				B40BECE02CBDCF6C00B21B55 /* Sources */,
				B40BECE12CBDCF6C00B21B55 /* Frameworks */,
				B40BECE22CBDCF6C00B21B55 /* Resources */,
			);
			buildRules = (
			);
			dependencies = (
			);
			name = choqueSnapchat;
			packageProductDependencies = (
				B40BED012CBDDAE100B21B55 /* FirebaseAnalytics */,
				B40BED032CBDDAE100B21B55 /* FirebaseAnalyticsWithoutAdIdSupport */,
				B40BED052CBDDAE100B21B55 /* FirebaseAuth */,
				B40BED072CBDDAE100B21B55 /* FirebaseDatabase */,
				B40BED092CBDDAE100B21B55 /* FirebaseFirestore */,
				B457B2672CC72FB90030F4F0 /* FirebaseStorage */,
			);
			productName = choqueSnapchat;
			productReference = B40BECE42CBDCF6C00B21B55 /* choqueSnapchat.app */;
			productType = "com.apple.product-type.application";
		};
/* End PBXNativeTarget section */

/* Begin PBXProject section */
		B40BECDC2CBDCF6C00B21B55 /* Project object */ = {
			isa = PBXProject;
			attributes = {
				BuildIndependentTargetsInParallel = 1;
				LastSwiftUpdateCheck = 1340;
				LastUpgradeCheck = 1340;
				TargetAttributes = {
					B40BECE32CBDCF6C00B21B55 = {
						CreatedOnToolsVersion = 13.4.1;
					};
				};
			};
			buildConfigurationList = B40BECDF2CBDCF6C00B21B55 /* Build configuration list for PBXProject "choqueSnapchat" */;
			compatibilityVersion = "Xcode 13.0";
			developmentRegion = en;
			hasScannedForEncodings = 0;
			knownRegions = (
				en,
				Base,
			);
			mainGroup = B40BECDB2CBDCF6C00B21B55;
			packageReferences = (
				B40BECFF2CBDD86900B21B55 /* XCRemoteSwiftPackageReference "firebase-ios-sdk" */,
				B40BED002CBDDAE100B21B55 /* XCRemoteSwiftPackageReference "firebase-ios-sdk" */,
			);
			productRefGroup = B40BECE52CBDCF6C00B21B55 /* Products */;
			projectDirPath = "";
			projectRoot = "";
			targets = (
				B40BECE32CBDCF6C00B21B55 /* choqueSnapchat */,
			);
		};
/* End PBXProject section */

/* Begin PBXResourcesBuildPhase section */
		B40BECE22CBDCF6C00B21B55 /* Resources */ = {
			isa = PBXResourcesBuildPhase;
			buildActionMask = 2147483647;
			files = (
				B40BECF42CBDCF6D00B21B55 /* LaunchScreen.storyboard in Resources */,
				B40BECFE2CBDD45000B21B55 /* GoogleService-Info.plist in Resources */,
				B40BECF12CBDCF6D00B21B55 /* Assets.xcassets in Resources */,
				B40BECEF2CBDCF6C00B21B55 /* Main.storyboard in Resources */,
			);
			runOnlyForDeploymentPostprocessing = 0;
		};
/* End PBXResourcesBuildPhase section */

/* Begin PBXSourcesBuildPhase section */
		B40BECE02CBDCF6C00B21B55 /* Sources */ = {
			isa = PBXSourcesBuildPhase;
			buildActionMask = 2147483647;
			files = (
				B42140A92CC7147B00172AE0 /* SnapsViewController.swift in Sources */,
				B42140AB2CC71DFF00172AE0 /* ImagenViewController.swift in Sources */,
				B40F7B402CC989D70062D03B /* Usuario.swift in Sources */,
				B40BECEC2CBDCF6C00B21B55 /* iniciarSesionViewController.swift in Sources */,
				B40BECE82CBDCF6C00B21B55 /* AppDelegate.swift in Sources */,
				B40BECEA2CBDCF6C00B21B55 /* SceneDelegate.swift in Sources */,
				B40F7B3C2CC97F330062D03B /* ElegirUsuarioViewController.swift in Sources */,
			);
			runOnlyForDeploymentPostprocessing = 0;
		};
/* End PBXSourcesBuildPhase section */

/* Begin PBXVariantGroup section */
		B40BECED2CBDCF6C00B21B55 /* Main.storyboard */ = {
			isa = PBXVariantGroup;
			children = (
				B40BECEE2CBDCF6C00B21B55 /* Base */,
			);
			name = Main.storyboard;
			sourceTree = "<group>";
		};
		B40BECF22CBDCF6D00B21B55 /* LaunchScreen.storyboard */ = {
			isa = PBXVariantGroup;
			children = (
				B40BECF32CBDCF6D00B21B55 /* Base */,
			);
			name = LaunchScreen.storyboard;
			sourceTree = "<group>";
		};
/* End PBXVariantGroup section */

/* Begin XCBuildConfiguration section */
		B40BECF62CBDCF6D00B21B55 /* Debug */ = {
			isa = XCBuildConfiguration;
			buildSettings = {
				ALWAYS_SEARCH_USER_PATHS = NO;
				CLANG_ANALYZER_NONNULL = YES;
				CLANG_ANALYZER_NUMBER_OBJECT_CONVERSION = YES_AGGRESSIVE;
				CLANG_CXX_LANGUAGE_STANDARD = "gnu++17";
				CLANG_ENABLE_MODULES = YES;
				CLANG_ENABLE_OBJC_ARC = YES;
				CLANG_ENABLE_OBJC_WEAK = YES;
				CLANG_WARN_BLOCK_CAPTURE_AUTORELEASING = YES;
				CLANG_WARN_BOOL_CONVERSION = YES;
				CLANG_WARN_COMMA = YES;
				CLANG_WARN_CONSTANT_CONVERSION = YES;
				CLANG_WARN_DEPRECATED_OBJC_IMPLEMENTATIONS = YES;
				CLANG_WARN_DIRECT_OBJC_ISA_USAGE = YES_ERROR;
				CLANG_WARN_DOCUMENTATION_COMMENTS = YES;
				CLANG_WARN_EMPTY_BODY = YES;
				CLANG_WARN_ENUM_CONVERSION = YES;
				CLANG_WARN_INFINITE_RECURSION = YES;
				CLANG_WARN_INT_CONVERSION = YES;
				CLANG_WARN_NON_LITERAL_NULL_CONVERSION = YES;
				CLANG_WARN_OBJC_IMPLICIT_RETAIN_SELF = YES;
				CLANG_WARN_OBJC_LITERAL_CONVERSION = YES;
				CLANG_WARN_OBJC_ROOT_CLASS = YES_ERROR;
				CLANG_WARN_QUOTED_INCLUDE_IN_FRAMEWORK_HEADER = YES;
				CLANG_WARN_RANGE_LOOP_ANALYSIS = YES;
				CLANG_WARN_STRICT_PROTOTYPES = YES;
				CLANG_WARN_SUSPICIOUS_MOVE = YES;
				CLANG_WARN_UNGUARDED_AVAILABILITY = YES_AGGRESSIVE;
				CLANG_WARN_UNREACHABLE_CODE = YES;
				CLANG_WARN__DUPLICATE_METHOD_MATCH = YES;
				COPY_PHASE_STRIP = NO;
				DEBUG_INFORMATION_FORMAT = dwarf;
				ENABLE_STRICT_OBJC_MSGSEND = YES;
				ENABLE_TESTABILITY = YES;
				GCC_C_LANGUAGE_STANDARD = gnu11;
				GCC_DYNAMIC_NO_PIC = NO;
				GCC_NO_COMMON_BLOCKS = YES;
				GCC_OPTIMIZATION_LEVEL = 0;
				GCC_PREPROCESSOR_DEFINITIONS = (
					"DEBUG=1",
					"$(inherited)",
				);
				GCC_WARN_64_TO_32_BIT_CONVERSION = YES;
				GCC_WARN_ABOUT_RETURN_TYPE = YES_ERROR;
				GCC_WARN_UNDECLARED_SELECTOR = YES;
				GCC_WARN_UNINITIALIZED_AUTOS = YES_AGGRESSIVE;
				GCC_WARN_UNUSED_FUNCTION = YES;
				GCC_WARN_UNUSED_VARIABLE = YES;
				IPHONEOS_DEPLOYMENT_TARGET = 15.5;
				MTL_ENABLE_DEBUG_INFO = INCLUDE_SOURCE;
				MTL_FAST_MATH = YES;
				ONLY_ACTIVE_ARCH = YES;
				SDKROOT = iphoneos;
				SWIFT_ACTIVE_COMPILATION_CONDITIONS = DEBUG;
				SWIFT_OPTIMIZATION_LEVEL = "-Onone";
			};
			name = Debug;
		};
		B40BECF72CBDCF6D00B21B55 /* Release */ = {
			isa = XCBuildConfiguration;
			buildSettings = {
				ALWAYS_SEARCH_USER_PATHS = NO;
				CLANG_ANALYZER_NONNULL = YES;
				CLANG_ANALYZER_NUMBER_OBJECT_CONVERSION = YES_AGGRESSIVE;
				CLANG_CXX_LANGUAGE_STANDARD = "gnu++17";
				CLANG_ENABLE_MODULES = YES;
				CLANG_ENABLE_OBJC_ARC = YES;
				CLANG_ENABLE_OBJC_WEAK = YES;
				CLANG_WARN_BLOCK_CAPTURE_AUTORELEASING = YES;
				CLANG_WARN_BOOL_CONVERSION = YES;
				CLANG_WARN_COMMA = YES;
				CLANG_WARN_CONSTANT_CONVERSION = YES;
				CLANG_WARN_DEPRECATED_OBJC_IMPLEMENTATIONS = YES;
				CLANG_WARN_DIRECT_OBJC_ISA_USAGE = YES_ERROR;
				CLANG_WARN_DOCUMENTATION_COMMENTS = YES;
				CLANG_WARN_EMPTY_BODY = YES;
				CLANG_WARN_ENUM_CONVERSION = YES;
				CLANG_WARN_INFINITE_RECURSION = YES;
				CLANG_WARN_INT_CONVERSION = YES;
				CLANG_WARN_NON_LITERAL_NULL_CONVERSION = YES;
				CLANG_WARN_OBJC_IMPLICIT_RETAIN_SELF = YES;
				CLANG_WARN_OBJC_LITERAL_CONVERSION = YES;
				CLANG_WARN_OBJC_ROOT_CLASS = YES_ERROR;
				CLANG_WARN_QUOTED_INCLUDE_IN_FRAMEWORK_HEADER = YES;
				CLANG_WARN_RANGE_LOOP_ANALYSIS = YES;
				CLANG_WARN_STRICT_PROTOTYPES = YES;
				CLANG_WARN_SUSPICIOUS_MOVE = YES;
				CLANG_WARN_UNGUARDED_AVAILABILITY = YES_AGGRESSIVE;
				CLANG_WARN_UNREACHABLE_CODE = YES;
				CLANG_WARN__DUPLICATE_METHOD_MATCH = YES;
				COPY_PHASE_STRIP = NO;
				DEBUG_INFORMATION_FORMAT = "dwarf-with-dsym";
				ENABLE_NS_ASSERTIONS = NO;
				ENABLE_STRICT_OBJC_MSGSEND = YES;
				GCC_C_LANGUAGE_STANDARD = gnu11;
				GCC_NO_COMMON_BLOCKS = YES;
				GCC_WARN_64_TO_32_BIT_CONVERSION = YES;
				GCC_WARN_ABOUT_RETURN_TYPE = YES_ERROR;
				GCC_WARN_UNDECLARED_SELECTOR = YES;
				GCC_WARN_UNINITIALIZED_AUTOS = YES_AGGRESSIVE;
				GCC_WARN_UNUSED_FUNCTION = YES;
				GCC_WARN_UNUSED_VARIABLE = YES;
				IPHONEOS_DEPLOYMENT_TARGET = 15.5;
				MTL_ENABLE_DEBUG_INFO = NO;
				MTL_FAST_MATH = YES;
				SDKROOT = iphoneos;
				SWIFT_COMPILATION_MODE = wholemodule;
				SWIFT_OPTIMIZATION_LEVEL = "-O";
				VALIDATE_PRODUCT = YES;
			};
			name = Release;
		};
		B40BECF92CBDCF6D00B21B55 /* Debug */ = {
			isa = XCBuildConfiguration;
			buildSettings = {
				ASSETCATALOG_COMPILER_APPICON_NAME = AppIcon;
				ASSETCATALOG_COMPILER_GLOBAL_ACCENT_COLOR_NAME = AccentColor;
				CODE_SIGN_ENTITLEMENTS = choqueSnapchat/choqueSnapchat.entitlements;
				CODE_SIGN_STYLE = Automatic;
				CURRENT_PROJECT_VERSION = 1;
				GENERATE_INFOPLIST_FILE = YES;
				INFOPLIST_FILE = choqueSnapchat/Info.plist;
				INFOPLIST_KEY_UIApplicationSupportsIndirectInputEvents = YES;
				INFOPLIST_KEY_UILaunchStoryboardName = LaunchScreen;
				INFOPLIST_KEY_UIMainStoryboardFile = Main;
				INFOPLIST_KEY_UISupportedInterfaceOrientations_iPad = "UIInterfaceOrientationPortrait UIInterfaceOrientationPortraitUpsideDown UIInterfaceOrientationLandscapeLeft UIInterfaceOrientationLandscapeRight";
				INFOPLIST_KEY_UISupportedInterfaceOrientations_iPhone = "UIInterfaceOrientationPortrait UIInterfaceOrientationLandscapeLeft UIInterfaceOrientationLandscapeRight";
				LD_RUNPATH_SEARCH_PATHS = (
					"$(inherited)",
					"@executable_path/Frameworks",
				);
				MARKETING_VERSION = 1.0;
				PRODUCT_BUNDLE_IDENTIFIER = deah.choqueSnapchat;
				PRODUCT_NAME = "$(TARGET_NAME)";
				SWIFT_EMIT_LOC_STRINGS = YES;
				SWIFT_VERSION = 5.0;
				TARGETED_DEVICE_FAMILY = "1,2";
			};
			name = Debug;
		};
		B40BECFA2CBDCF6D00B21B55 /* Release */ = {
			isa = XCBuildConfiguration;
			buildSettings = {
				ASSETCATALOG_COMPILER_APPICON_NAME = AppIcon;
				ASSETCATALOG_COMPILER_GLOBAL_ACCENT_COLOR_NAME = AccentColor;
				CODE_SIGN_ENTITLEMENTS = choqueSnapchat/choqueSnapchat.entitlements;
				CODE_SIGN_STYLE = Automatic;
				CURRENT_PROJECT_VERSION = 1;
				GENERATE_INFOPLIST_FILE = YES;
				INFOPLIST_FILE = choqueSnapchat/Info.plist;
				INFOPLIST_KEY_UIApplicationSupportsIndirectInputEvents = YES;
				INFOPLIST_KEY_UILaunchStoryboardName = LaunchScreen;
				INFOPLIST_KEY_UIMainStoryboardFile = Main;
				INFOPLIST_KEY_UISupportedInterfaceOrientations_iPad = "UIInterfaceOrientationPortrait UIInterfaceOrientationPortraitUpsideDown UIInterfaceOrientationLandscapeLeft UIInterfaceOrientationLandscapeRight";
				INFOPLIST_KEY_UISupportedInterfaceOrientations_iPhone = "UIInterfaceOrientationPortrait UIInterfaceOrientationLandscapeLeft UIInterfaceOrientationLandscapeRight";
				LD_RUNPATH_SEARCH_PATHS = (
					"$(inherited)",
					"@executable_path/Frameworks",
				);
				MARKETING_VERSION = 1.0;
				PRODUCT_BUNDLE_IDENTIFIER = deah.choqueSnapchat;
				PRODUCT_NAME = "$(TARGET_NAME)";
				SWIFT_EMIT_LOC_STRINGS = YES;
				SWIFT_VERSION = 5.0;
				TARGETED_DEVICE_FAMILY = "1,2";
			};
			name = Release;
		};
/* End XCBuildConfiguration section */

/* Begin XCConfigurationList section */
		B40BECDF2CBDCF6C00B21B55 /* Build configuration list for PBXProject "choqueSnapchat" */ = {
			isa = XCConfigurationList;
			buildConfigurations = (
				B40BECF62CBDCF6D00B21B55 /* Debug */,
				B40BECF72CBDCF6D00B21B55 /* Release */,
			);
			defaultConfigurationIsVisible = 0;
			defaultConfigurationName = Release;
		};
		B40BECF82CBDCF6D00B21B55 /* Build configuration list for PBXNativeTarget "choqueSnapchat" */ = {
			isa = XCConfigurationList;
			buildConfigurations = (
				B40BECF92CBDCF6D00B21B55 /* Debug */,
				B40BECFA2CBDCF6D00B21B55 /* Release */,
			);
			defaultConfigurationIsVisible = 0;
			defaultConfigurationName = Release;
		};
/* End XCConfigurationList section */

/* Begin XCRemoteSwiftPackageReference section */
		B40BECFF2CBDD86900B21B55 /* XCRemoteSwiftPackageReference "firebase-ios-sdk" */ = {
			isa = XCRemoteSwiftPackageReference;
			repositoryURL = "https://github.com/firebase/firebase-ios-sdk";
			requirement = {
				kind = versionRange;
				maximumVersion = 10.0.0;
				minimumVersion = 9.0.0;
			};
		};
		B40BED002CBDDAE100B21B55 /* XCRemoteSwiftPackageReference "firebase-ios-sdk" */ = {
			isa = XCRemoteSwiftPackageReference;
			repositoryURL = "https://github.com/firebase/firebase-ios-sdk";
			requirement = {
				kind = versionRange;
				maximumVersion = 10.0.0;
				minimumVersion = 9.0.0;
			};
		};
/* End XCRemoteSwiftPackageReference section */

/* Begin XCSwiftPackageProductDependency section */
		B40BED012CBDDAE100B21B55 /* FirebaseAnalytics */ = {
			isa = XCSwiftPackageProductDependency;
			package = B40BECFF2CBDD86900B21B55 /* XCRemoteSwiftPackageReference "firebase-ios-sdk" */;
			productName = FirebaseAnalytics;
		};
		B40BED032CBDDAE100B21B55 /* FirebaseAnalyticsWithoutAdIdSupport */ = {
			isa = XCSwiftPackageProductDependency;
			package = B40BECFF2CBDD86900B21B55 /* XCRemoteSwiftPackageReference "firebase-ios-sdk" */;
			productName = FirebaseAnalyticsWithoutAdIdSupport;
		};
		B40BED052CBDDAE100B21B55 /* FirebaseAuth */ = {
			isa = XCSwiftPackageProductDependency;
			package = B40BECFF2CBDD86900B21B55 /* XCRemoteSwiftPackageReference "firebase-ios-sdk" */;
			productName = FirebaseAuth;
		};
		B40BED072CBDDAE100B21B55 /* FirebaseDatabase */ = {
			isa = XCSwiftPackageProductDependency;
			package = B40BECFF2CBDD86900B21B55 /* XCRemoteSwiftPackageReference "firebase-ios-sdk" */;
			productName = FirebaseDatabase;
		};
		B40BED092CBDDAE100B21B55 /* FirebaseFirestore */ = {
			isa = XCSwiftPackageProductDependency;
			package = B40BECFF2CBDD86900B21B55 /* XCRemoteSwiftPackageReference "firebase-ios-sdk" */;
			productName = FirebaseFirestore;
		};
		B457B2672CC72FB90030F4F0 /* FirebaseStorage */ = {
			isa = XCSwiftPackageProductDependency;
			package = B40BECFF2CBDD86900B21B55 /* XCRemoteSwiftPackageReference "firebase-ios-sdk" */;
			productName = FirebaseStorage;
		};
/* End XCSwiftPackageProductDependency section */
	};
	rootObject = B40BECDC2CBDCF6C00B21B55 /* Project object */;
}
